
Microsoft Visual Studio Solution File, Format Version 12.00
# Visual Studio 15
VisualStudioVersion = 15.0.28307.421
MinimumVisualStudioVersion = 10.0.40219.1
Project("{8BC9CEB8-8B4A-11D0-8D11-00A0C91BC942}") = "SFML_Testing", "SFML_Testing.vcxproj", "{636974C5-C8BB-4890-9577-9BC71470FAEF}"
EndProject
Global
	GlobalSection(SolutionConfigurationPlatforms) = preSolution
		Debug|x64 = Debug|x64
		Debug|x86 = Debug|x86
		Release|x64 = Release|x64
		Release|x86 = Release|x86
	EndGlobalSection
	GlobalSection(ProjectConfigurationPlatforms) = postSolution
		{636974C5-C8BB-4890-9577-9BC71470FAEF}.Debug|x64.ActiveCfg = Debug|x64
		{636974C5-C8BB-4890-9577-9BC71470FAEF}.Debug|x64.Build.0 = Debug|x64
		{636974C5-C8BB-4890-9577-9BC71470FAEF}.Debug|x86.ActiveCfg = Debug|Win32
		{636974C5-C8BB-4890-9577-9BC71470FAEF}.Debug|x86.Build.0 = Debug|Win32
		{636974C5-C8BB-4890-9577-9BC71470FAEF}.Release|x64.ActiveCfg = Release|x64
		{636974C5-C8BB-4890-9577-9BC71470FAEF}.Release|x64.Build.0 = Release|x64
		{636974C5-C8BB-4890-9577-9BC71470FAEF}.Release|x86.ActiveCfg = Release|Win32
		{636974C5-C8BB-4890-9577-9BC71470FAEF}.Release|x86.Build.0 = Release|Win32
	EndGlobalSection
	GlobalSection(SolutionProperties) = preSolution
		HideSolutionNode = FALSE
	EndGlobalSection
	GlobalSection(ExtensibilityGlobals) = postSolution
		SolutionGuid = {21B0A005-C3A4-4D43-8940-E775FDDFF652}
	EndGlobalSection
EndGlobal
